
Microsoft Visual Studio Solution File, Format Version 12.00
# Visual Studio 15
VisualStudioVersion = 15.0.28307.421
MinimumVisualStudioVersion = 10.0.40219.1
Project("{FAE04EC0-301F-11D3-BF4B-00C04F79EFBC}") = "PlatinumRift", "PlatinumRift\PlatinumRift.csproj", "{955483D1-08C3-487C-8B72-D3C1C8FF2A8D}"
EndProject
Global
	GlobalSection(SolutionConfigurationPlatforms) = preSolution
		Debug|Any CPU = Debug|Any CPU
		Release|Any CPU = Release|Any CPU
	EndGlobalSection
	GlobalSection(ProjectConfigurationPlatforms) = postSolution
		{955483D1-08C3-487C-8B72-D3C1C8FF2A8D}.Debug|Any CPU.ActiveCfg = Debug|Any CPU
		{955483D1-08C3-487C-8B72-D3C1C8FF2A8D}.Debug|Any CPU.Build.0 = Debug|Any CPU
		{955483D1-08C3-487C-8B72-D3C1C8FF2A8D}.Release|Any CPU.ActiveCfg = Release|Any CPU
		{955483D1-08C3-487C-8B72-D3C1C8FF2A8D}.Release|Any CPU.Build.0 = Release|Any CPU
	EndGlobalSection
	GlobalSection(SolutionProperties) = preSolution
		HideSolutionNode = FALSE
	EndGlobalSection
	GlobalSection(ExtensibilityGlobals) = postSolution
		SolutionGuid = {AF99B601-6765-4646-A2D5-7583584F80C2}
	EndGlobalSection
EndGlobal
